
Microsoft Visual Studio Solution File, Format Version 12.00
# Visual Studio Version 16
VisualStudioVersion = 16.0.31402.337
MinimumVisualStudioVersion = 10.0.40219.1
Project("{FAE04EC0-301F-11D3-BF4B-00C04F79EFBC}") = "SolarFarm.UI", "SolarFarm.UI\SolarFarm.UI.csproj", "{E7DBBA3D-427E-403F-B81A-A4BAB0997010}"
EndProject
Project("{FAE04EC0-301F-11D3-BF4B-00C04F79EFBC}") = "SolarFarm.Core", "SolarFarm.Core\SolarFarm.Core.csproj", "{5AB2A362-D973-4CF3-91B0-0FECE46D67F1}"
EndProject
Project("{FAE04EC0-301F-11D3-BF4B-00C04F79EFBC}") = "SolarFarm.BLL", "SolarFarm.BLL\SolarFarm.BLL.csproj", "{7A33D0C5-E2B1-44D7-8B8A-A9B733CB80B8}"
EndProject
Project("{FAE04EC0-301F-11D3-BF4B-00C04F79EFBC}") = "SolarFarm.DAL", "SolarFarm.DAL\SolarFarm.DAL.csproj", "{9C228D72-6DC5-4C18-89FF-C0D1C7246D64}"
EndProject
Project("{FAE04EC0-301F-11D3-BF4B-00C04F79EFBC}") = "SolarFarm.Tests", "SolarFarm.Tests\SolarFarm.Tests.csproj", "{9F200E99-F1D9-4326-98BC-CD5509079AE1}"
EndProject
Global
	GlobalSection(SolutionConfigurationPlatforms) = preSolution
		Debug|Any CPU = Debug|Any CPU
		Release|Any CPU = Release|Any CPU
	EndGlobalSection
	GlobalSection(ProjectConfigurationPlatforms) = postSolution
		{E7DBBA3D-427E-403F-B81A-A4BAB0997010}.Debug|Any CPU.ActiveCfg = Debug|Any CPU
		{E7DBBA3D-427E-403F-B81A-A4BAB0997010}.Debug|Any CPU.Build.0 = Debug|Any CPU
		{E7DBBA3D-427E-403F-B81A-A4BAB0997010}.Release|Any CPU.ActiveCfg = Release|Any CPU
		{E7DBBA3D-427E-403F-B81A-A4BAB0997010}.Release|Any CPU.Build.0 = Release|Any CPU
		{5AB2A362-D973-4CF3-91B0-0FECE46D67F1}.Debug|Any CPU.ActiveCfg = Debug|Any CPU
		{5AB2A362-D973-4CF3-91B0-0FECE46D67F1}.Debug|Any CPU.Build.0 = Debug|Any CPU
		{5AB2A362-D973-4CF3-91B0-0FECE46D67F1}.Release|Any CPU.ActiveCfg = Release|Any CPU
		{5AB2A362-D973-4CF3-91B0-0FECE46D67F1}.Release|Any CPU.Build.0 = Release|Any CPU
		{7A33D0C5-E2B1-44D7-8B8A-A9B733CB80B8}.Debug|Any CPU.ActiveCfg = Debug|Any CPU
		{7A33D0C5-E2B1-44D7-8B8A-A9B733CB80B8}.Debug|Any CPU.Build.0 = Debug|Any CPU
		{7A33D0C5-E2B1-44D7-8B8A-A9B733CB80B8}.Release|Any CPU.ActiveCfg = Release|Any CPU
		{7A33D0C5-E2B1-44D7-8B8A-A9B733CB80B8}.Release|Any CPU.Build.0 = Release|Any CPU
		{9C228D72-6DC5-4C18-89FF-C0D1C7246D64}.Debug|Any CPU.ActiveCfg = Debug|Any CPU
		{9C228D72-6DC5-4C18-89FF-C0D1C7246D64}.Debug|Any CPU.Build.0 = Debug|Any CPU
		{9C228D72-6DC5-4C18-89FF-C0D1C7246D64}.Release|Any CPU.ActiveCfg = Release|Any CPU
		{9C228D72-6DC5-4C18-89FF-C0D1C7246D64}.Release|Any CPU.Build.0 = Release|Any CPU
		{9F200E99-F1D9-4326-98BC-CD5509079AE1}.Debug|Any CPU.ActiveCfg = Debug|Any CPU
		{9F200E99-F1D9-4326-98BC-CD5509079AE1}.Debug|Any CPU.Build.0 = Debug|Any CPU
		{9F200E99-F1D9-4326-98BC-CD5509079AE1}.Release|Any CPU.ActiveCfg = Release|Any CPU
		{9F200E99-F1D9-4326-98BC-CD5509079AE1}.Release|Any CPU.Build.0 = Release|Any CPU
	EndGlobalSection
	GlobalSection(SolutionProperties) = preSolution
		HideSolutionNode = FALSE
	EndGlobalSection
	GlobalSection(ExtensibilityGlobals) = postSolution
		SolutionGuid = {7169E784-77F6-4F82-BF70-5FE44AF6D466}
	EndGlobalSection
EndGlobal
